
Microsoft Visual Studio Solution File, Format Version 11.00
# Visual Studio 2010
Project("{2150E333-8FDC-42A3-9474-1A3956D46DE8}") = "Ncqrs", "Ncqrs", "{72C99BE3-1EE2-4A28-9266-B4B52788E0CF}"
EndProject
Project("{2150E333-8FDC-42A3-9474-1A3956D46DE8}") = "Blueprints", "Blueprints", "{FF70C4F1-7FB5-4110-95A4-7DC7EA1D9EA1}"
EndProject
Project("{2150E333-8FDC-42A3-9474-1A3956D46DE8}") = "Client", "Client", "{28992EEC-48E4-48A7-9043-4230125C714B}"
EndProject
Project("{2150E333-8FDC-42A3-9474-1A3956D46DE8}") = "Test", "Test", "{E55FB5CD-3150-4690-8245-A92701895963}"
EndProject
Project("{FAE04EC0-301F-11D3-BF4B-00C04F79EFBC}") = "Hayman.Commands", "Ncqrs\Hayman.Ncqrs.Commands\Hayman.Commands.csproj", "{06998165-D331-4E21-8D38-CBE5A61BFEE7}"
EndProject
Project("{FAE04EC0-301F-11D3-BF4B-00C04F79EFBC}") = "Hayman.Domain", "Ncqrs\Hayman.Ncqrs.Domain\Hayman.Domain.csproj", "{ADB9913F-1453-4BB5-9870-76038CB1FFC4}"
EndProject
Project("{FAE04EC0-301F-11D3-BF4B-00C04F79EFBC}") = "Hayman.Domain.Storage", "Ncqrs\Hayman.Ncqrs.Domain.Storage\Hayman.Domain.Storage.csproj", "{73C401E2-790D-4EC7-B2D6-9F33378E9CD8}"
EndProject
Project("{FAE04EC0-301F-11D3-BF4B-00C04F79EFBC}") = "Hayman.Events", "Ncqrs\Hayman.Ncqrs.Events\Hayman.Events.csproj", "{4DCB1ED9-657F-4AD3-AF64-9523EA53FE65}"
EndProject
Project("{FAE04EC0-301F-11D3-BF4B-00C04F79EFBC}") = "Hayman.Service", "Ncqrs\Hayman.Ncqrs.Service\Hayman.Service.csproj", "{9AFF1100-D434-4621-BF45-02F671ABAFEE}"
EndProject
Project("{FAE04EC0-301F-11D3-BF4B-00C04F79EFBC}") = "Hayman.Test", "Test\Hayman.Test\Hayman.Test.csproj", "{67DC3B50-06E2-4B36-9F1B-85F2CD5BFB6C}"
EndProject
Project("{2150E333-8FDC-42A3-9474-1A3956D46DE8}") = "ReadModels", "ReadModels", "{C060B513-FECE-4E22-9D92-A820B46F6542}"
EndProject
Project("{FAE04EC0-301F-11D3-BF4B-00C04F79EFBC}") = "Hayman.Client.ReadModel.Blueprints", "Client\ReadModels\Hayman.Client.ReadModel.Blueprints\Hayman.Client.ReadModel.Blueprints.csproj", "{90962F38-E7AB-4E23-9C24-7998E05578A6}"
EndProject
Project("{FAE04EC0-301F-11D3-BF4B-00C04F79EFBC}") = "TestClient", "Test\TestClient\TestClient.csproj", "{C33661D0-B3E1-4624-9268-9A2D796C8280}"
EndProject
Global
	GlobalSection(TestCaseManagementSettings) = postSolution
		CategoryFile = Hayman.vsmdi
	EndGlobalSection
	GlobalSection(SolutionConfigurationPlatforms) = preSolution
		Debug|Any CPU = Debug|Any CPU
		Debug|Mixed Platforms = Debug|Mixed Platforms
		Debug|x86 = Debug|x86
		Release|Any CPU = Release|Any CPU
		Release|Mixed Platforms = Release|Mixed Platforms
		Release|x86 = Release|x86
	EndGlobalSection
	GlobalSection(ProjectConfigurationPlatforms) = postSolution
		{06998165-D331-4E21-8D38-CBE5A61BFEE7}.Debug|Any CPU.ActiveCfg = Debug|Any CPU
		{06998165-D331-4E21-8D38-CBE5A61BFEE7}.Debug|Any CPU.Build.0 = Debug|Any CPU
		{06998165-D331-4E21-8D38-CBE5A61BFEE7}.Debug|Mixed Platforms.ActiveCfg = Debug|Any CPU
		{06998165-D331-4E21-8D38-CBE5A61BFEE7}.Debug|Mixed Platforms.Build.0 = Debug|Any CPU
		{06998165-D331-4E21-8D38-CBE5A61BFEE7}.Debug|x86.ActiveCfg = Debug|Any CPU
		{06998165-D331-4E21-8D38-CBE5A61BFEE7}.Release|Any CPU.ActiveCfg = Release|Any CPU
		{06998165-D331-4E21-8D38-CBE5A61BFEE7}.Release|Any CPU.Build.0 = Release|Any CPU
		{06998165-D331-4E21-8D38-CBE5A61BFEE7}.Release|Mixed Platforms.ActiveCfg = Release|Any CPU
		{06998165-D331-4E21-8D38-CBE5A61BFEE7}.Release|Mixed Platforms.Build.0 = Release|Any CPU
		{06998165-D331-4E21-8D38-CBE5A61BFEE7}.Release|x86.ActiveCfg = Release|Any CPU
		{ADB9913F-1453-4BB5-9870-76038CB1FFC4}.Debug|Any CPU.ActiveCfg = Debug|Any CPU
		{ADB9913F-1453-4BB5-9870-76038CB1FFC4}.Debug|Any CPU.Build.0 = Debug|Any CPU
		{ADB9913F-1453-4BB5-9870-76038CB1FFC4}.Debug|Mixed Platforms.ActiveCfg = Debug|Any CPU
		{ADB9913F-1453-4BB5-9870-76038CB1FFC4}.Debug|Mixed Platforms.Build.0 = Debug|Any CPU
		{ADB9913F-1453-4BB5-9870-76038CB1FFC4}.Debug|x86.ActiveCfg = Debug|Any CPU
		{ADB9913F-1453-4BB5-9870-76038CB1FFC4}.Release|Any CPU.ActiveCfg = Release|Any CPU
		{ADB9913F-1453-4BB5-9870-76038CB1FFC4}.Release|Any CPU.Build.0 = Release|Any CPU
		{ADB9913F-1453-4BB5-9870-76038CB1FFC4}.Release|Mixed Platforms.ActiveCfg = Release|Any CPU
		{ADB9913F-1453-4BB5-9870-76038CB1FFC4}.Release|Mixed Platforms.Build.0 = Release|Any CPU
		{ADB9913F-1453-4BB5-9870-76038CB1FFC4}.Release|x86.ActiveCfg = Release|Any CPU
		{73C401E2-790D-4EC7-B2D6-9F33378E9CD8}.Debug|Any CPU.ActiveCfg = Debug|Any CPU
		{73C401E2-790D-4EC7-B2D6-9F33378E9CD8}.Debug|Any CPU.Build.0 = Debug|Any CPU
		{73C401E2-790D-4EC7-B2D6-9F33378E9CD8}.Debug|Mixed Platforms.ActiveCfg = Debug|Any CPU
		{73C401E2-790D-4EC7-B2D6-9F33378E9CD8}.Debug|Mixed Platforms.Build.0 = Debug|Any CPU
		{73C401E2-790D-4EC7-B2D6-9F33378E9CD8}.Debug|x86.ActiveCfg = Debug|Any CPU
		{73C401E2-790D-4EC7-B2D6-9F33378E9CD8}.Release|Any CPU.ActiveCfg = Release|Any CPU
		{73C401E2-790D-4EC7-B2D6-9F33378E9CD8}.Release|Any CPU.Build.0 = Release|Any CPU
		{73C401E2-790D-4EC7-B2D6-9F33378E9CD8}.Release|Mixed Platforms.ActiveCfg = Release|Any CPU
		{73C401E2-790D-4EC7-B2D6-9F33378E9CD8}.Release|Mixed Platforms.Build.0 = Release|Any CPU
		{73C401E2-790D-4EC7-B2D6-9F33378E9CD8}.Release|x86.ActiveCfg = Release|Any CPU
		{4DCB1ED9-657F-4AD3-AF64-9523EA53FE65}.Debug|Any CPU.ActiveCfg = Debug|Any CPU
		{4DCB1ED9-657F-4AD3-AF64-9523EA53FE65}.Debug|Any CPU.Build.0 = Debug|Any CPU
		{4DCB1ED9-657F-4AD3-AF64-9523EA53FE65}.Debug|Mixed Platforms.ActiveCfg = Debug|Any CPU
		{4DCB1ED9-657F-4AD3-AF64-9523EA53FE65}.Debug|Mixed Platforms.Build.0 = Debug|Any CPU
		{4DCB1ED9-657F-4AD3-AF64-9523EA53FE65}.Debug|x86.ActiveCfg = Debug|Any CPU
		{4DCB1ED9-657F-4AD3-AF64-9523EA53FE65}.Release|Any CPU.ActiveCfg = Release|Any CPU
		{4DCB1ED9-657F-4AD3-AF64-9523EA53FE65}.Release|Any CPU.Build.0 = Release|Any CPU
		{4DCB1ED9-657F-4AD3-AF64-9523EA53FE65}.Release|Mixed Platforms.ActiveCfg = Release|Any CPU
		{4DCB1ED9-657F-4AD3-AF64-9523EA53FE65}.Release|Mixed Platforms.Build.0 = Release|Any CPU
		{4DCB1ED9-657F-4AD3-AF64-9523EA53FE65}.Release|x86.ActiveCfg = Release|Any CPU
		{9AFF1100-D434-4621-BF45-02F671ABAFEE}.Debug|Any CPU.ActiveCfg = Debug|Any CPU
		{9AFF1100-D434-4621-BF45-02F671ABAFEE}.Debug|Any CPU.Build.0 = Debug|Any CPU
		{9AFF1100-D434-4621-BF45-02F671ABAFEE}.Debug|Mixed Platforms.ActiveCfg = Debug|Any CPU
		{9AFF1100-D434-4621-BF45-02F671ABAFEE}.Debug|Mixed Platforms.Build.0 = Debug|Any CPU
		{9AFF1100-D434-4621-BF45-02F671ABAFEE}.Debug|x86.ActiveCfg = Debug|Any CPU
		{9AFF1100-D434-4621-BF45-02F671ABAFEE}.Release|Any CPU.ActiveCfg = Release|Any CPU
		{9AFF1100-D434-4621-BF45-02F671ABAFEE}.Release|Any CPU.Build.0 = Release|Any CPU
		{9AFF1100-D434-4621-BF45-02F671ABAFEE}.Release|Mixed Platforms.ActiveCfg = Release|Any CPU
		{9AFF1100-D434-4621-BF45-02F671ABAFEE}.Release|Mixed Platforms.Build.0 = Release|Any CPU
		{9AFF1100-D434-4621-BF45-02F671ABAFEE}.Release|x86.ActiveCfg = Release|Any CPU
		{67DC3B50-06E2-4B36-9F1B-85F2CD5BFB6C}.Debug|Any CPU.ActiveCfg = Debug|Any CPU
		{67DC3B50-06E2-4B36-9F1B-85F2CD5BFB6C}.Debug|Any CPU.Build.0 = Debug|Any CPU
		{67DC3B50-06E2-4B36-9F1B-85F2CD5BFB6C}.Debug|Mixed Platforms.ActiveCfg = Debug|Any CPU
		{67DC3B50-06E2-4B36-9F1B-85F2CD5BFB6C}.Debug|Mixed Platforms.Build.0 = Debug|Any CPU
		{67DC3B50-06E2-4B36-9F1B-85F2CD5BFB6C}.Debug|x86.ActiveCfg = Debug|Any CPU
		{67DC3B50-06E2-4B36-9F1B-85F2CD5BFB6C}.Release|Any CPU.ActiveCfg = Release|Any CPU
		{67DC3B50-06E2-4B36-9F1B-85F2CD5BFB6C}.Release|Any CPU.Build.0 = Release|Any CPU
		{67DC3B50-06E2-4B36-9F1B-85F2CD5BFB6C}.Release|Mixed Platforms.ActiveCfg = Release|Any CPU
		{67DC3B50-06E2-4B36-9F1B-85F2CD5BFB6C}.Release|Mixed Platforms.Build.0 = Release|Any CPU
		{67DC3B50-06E2-4B36-9F1B-85F2CD5BFB6C}.Release|x86.ActiveCfg = Release|Any CPU
		{90962F38-E7AB-4E23-9C24-7998E05578A6}.Debug|Any CPU.ActiveCfg = Debug|Any CPU
		{90962F38-E7AB-4E23-9C24-7998E05578A6}.Debug|Any CPU.Build.0 = Debug|Any CPU
		{90962F38-E7AB-4E23-9C24-7998E05578A6}.Debug|Mixed Platforms.ActiveCfg = Debug|Any CPU
		{90962F38-E7AB-4E23-9C24-7998E05578A6}.Debug|Mixed Platforms.Build.0 = Debug|Any CPU
		{90962F38-E7AB-4E23-9C24-7998E05578A6}.Debug|x86.ActiveCfg = Debug|Any CPU
		{90962F38-E7AB-4E23-9C24-7998E05578A6}.Release|Any CPU.ActiveCfg = Release|Any CPU
		{90962F38-E7AB-4E23-9C24-7998E05578A6}.Release|Any CPU.Build.0 = Release|Any CPU
		{90962F38-E7AB-4E23-9C24-7998E05578A6}.Release|Mixed Platforms.ActiveCfg = Release|Any CPU
		{90962F38-E7AB-4E23-9C24-7998E05578A6}.Release|Mixed Platforms.Build.0 = Release|Any CPU
		{90962F38-E7AB-4E23-9C24-7998E05578A6}.Release|x86.ActiveCfg = Release|Any CPU
		{C33661D0-B3E1-4624-9268-9A2D796C8280}.Debug|Any CPU.ActiveCfg = Debug|x86
		{C33661D0-B3E1-4624-9268-9A2D796C8280}.Debug|Mixed Platforms.ActiveCfg = Debug|x86
		{C33661D0-B3E1-4624-9268-9A2D796C8280}.Debug|Mixed Platforms.Build.0 = Debug|x86
		{C33661D0-B3E1-4624-9268-9A2D796C8280}.Debug|x86.ActiveCfg = Debug|x86
		{C33661D0-B3E1-4624-9268-9A2D796C8280}.Debug|x86.Build.0 = Debug|x86
		{C33661D0-B3E1-4624-9268-9A2D796C8280}.Release|Any CPU.ActiveCfg = Release|x86
		{C33661D0-B3E1-4624-9268-9A2D796C8280}.Release|Mixed Platforms.ActiveCfg = Release|x86
		{C33661D0-B3E1-4624-9268-9A2D796C8280}.Release|Mixed Platforms.Build.0 = Release|x86
		{C33661D0-B3E1-4624-9268-9A2D796C8280}.Release|x86.ActiveCfg = Release|x86
		{C33661D0-B3E1-4624-9268-9A2D796C8280}.Release|x86.Build.0 = Release|x86
	EndGlobalSection
	GlobalSection(SolutionProperties) = preSolution
		HideSolutionNode = FALSE
	EndGlobalSection
	GlobalSection(NestedProjects) = preSolution
		{06998165-D331-4E21-8D38-CBE5A61BFEE7} = {72C99BE3-1EE2-4A28-9266-B4B52788E0CF}
		{ADB9913F-1453-4BB5-9870-76038CB1FFC4} = {72C99BE3-1EE2-4A28-9266-B4B52788E0CF}
		{73C401E2-790D-4EC7-B2D6-9F33378E9CD8} = {72C99BE3-1EE2-4A28-9266-B4B52788E0CF}
		{4DCB1ED9-657F-4AD3-AF64-9523EA53FE65} = {72C99BE3-1EE2-4A28-9266-B4B52788E0CF}
		{9AFF1100-D434-4621-BF45-02F671ABAFEE} = {72C99BE3-1EE2-4A28-9266-B4B52788E0CF}
		{C060B513-FECE-4E22-9D92-A820B46F6542} = {28992EEC-48E4-48A7-9043-4230125C714B}
		{67DC3B50-06E2-4B36-9F1B-85F2CD5BFB6C} = {E55FB5CD-3150-4690-8245-A92701895963}
		{C33661D0-B3E1-4624-9268-9A2D796C8280} = {E55FB5CD-3150-4690-8245-A92701895963}
		{90962F38-E7AB-4E23-9C24-7998E05578A6} = {C060B513-FECE-4E22-9D92-A820B46F6542}
	EndGlobalSection
EndGlobal
