
Microsoft Visual Studio Solution File, Format Version 11.00
# Visual Studio 2010
Project("{2150E333-8FDC-42A3-9474-1A3956D46DE8}") = "Ncqrs", "Ncqrs", "{72C99BE3-1EE2-4A28-9266-B4B52788E0CF}"
EndProject
Project("{2150E333-8FDC-42A3-9474-1A3956D46DE8}") = "Blueprints", "Blueprints", "{FF70C4F1-7FB5-4110-95A4-7DC7EA1D9EA1}"
EndProject
Project("{2150E333-8FDC-42A3-9474-1A3956D46DE8}") = "Client", "Client", "{28992EEC-48E4-48A7-9043-4230125C714B}"
EndProject
Project("{2150E333-8FDC-42A3-9474-1A3956D46DE8}") = "Test", "Test", "{E55FB5CD-3150-4690-8245-A92701895963}"
EndProject
Project("{FAE04EC0-301F-11D3-BF4B-00C04F79EFBC}") = "Hayman.Ncqrs.Commands", "Ncqrs\Hayman.Ncqrs.Commands\Hayman.Ncqrs.Commands.csproj", "{06998165-D331-4E21-8D38-CBE5A61BFEE7}"
EndProject
Project("{FAE04EC0-301F-11D3-BF4B-00C04F79EFBC}") = "Hayman.Ncqrs.Domain", "Ncqrs\Hayman.Ncqrs.Domain\Hayman.Ncqrs.Domain.csproj", "{ADB9913F-1453-4BB5-9870-76038CB1FFC4}"
EndProject
Project("{FAE04EC0-301F-11D3-BF4B-00C04F79EFBC}") = "Hayman.Ncqrs.Domain.Storage", "Ncqrs\Hayman.Ncqrs.Domain.Storage\Hayman.Ncqrs.Domain.Storage.csproj", "{73C401E2-790D-4EC7-B2D6-9F33378E9CD8}"
EndProject
Project("{FAE04EC0-301F-11D3-BF4B-00C04F79EFBC}") = "Hayman.Ncqrs.Events", "Ncqrs\Hayman.Ncqrs.Events\Hayman.Ncqrs.Events.csproj", "{4DCB1ED9-657F-4AD3-AF64-9523EA53FE65}"
EndProject
Project("{FAE04EC0-301F-11D3-BF4B-00C04F79EFBC}") = "Hayman.Ncqrs.Service", "Ncqrs\Hayman.Ncqrs.Service\Hayman.Ncqrs.Service.csproj", "{9AFF1100-D434-4621-BF45-02F671ABAFEE}"
EndProject
Project("{FAE04EC0-301F-11D3-BF4B-00C04F79EFBC}") = "Hayman.Test", "Test\Hayman.Test\Hayman.Test.csproj", "{67DC3B50-06E2-4B36-9F1B-85F2CD5BFB6C}"
EndProject
Project("{2150E333-8FDC-42A3-9474-1A3956D46DE8}") = "ReadModels", "ReadModels", "{C060B513-FECE-4E22-9D92-A820B46F6542}"
EndProject
Project("{FAE04EC0-301F-11D3-BF4B-00C04F79EFBC}") = "Hayman.Client.ReadModel.Blueprints", "Client\ReadModels\Hayman.Client.ReadModel.Blueprints\Hayman.Client.ReadModel.Blueprints.csproj", "{90962F38-E7AB-4E23-9C24-7998E05578A6}"
EndProject
Project("{FAE04EC0-301F-11D3-BF4B-00C04F79EFBC}") = "TestClient", "Test\TestClient\TestClient.csproj", "{C33661D0-B3E1-4624-9268-9A2D796C8280}"
EndProject
Global
	GlobalSection(TeamFoundationVersionControl) = preSolution
		SccNumberOfProjects = 16
		SccEnterpriseProvider = {4CA58AB2-18FA-4F8D-95D4-32DDF27D184C}
		SccTeamFoundationServer = http://84.80.227.6:8080/tfs/defaultcollection
		SccLocalPath0 = .
		SccProjectUniqueName1 = Hayman.Events\\Hayman.Events.csproj
		SccProjectTopLevelParentUniqueName1 = Hayman.sln
		SccProjectName1 = Hayman.Events
		SccLocalPath1 = Hayman.Events
		SccProjectUniqueName2 = Hayman.Commands\\Hayman.Commands.csproj
		SccProjectTopLevelParentUniqueName2 = Hayman.sln
		SccProjectName2 = Hayman.Commands
		SccLocalPath2 = Hayman.Commands
		SccProjectUniqueName3 = Hayman.Domain\\Hayman.Domain.csproj
		SccProjectTopLevelParentUniqueName3 = Hayman.sln
		SccProjectName3 = Hayman.Domain
		SccLocalPath3 = Hayman.Domain
		SccProjectUniqueName4 = Client\\Hayman.Shell\\Hayman.Shell.csproj
		SccProjectTopLevelParentUniqueName4 = Hayman.sln
		SccProjectName4 = Client/Hayman.Shell
		SccLocalPath4 = Client\\Hayman.Shell
		SccProjectUniqueName5 = Hayman.Server\\Hayman.Server.csproj
		SccProjectTopLevelParentUniqueName5 = Hayman.sln
		SccProjectName5 = Hayman.Server
		SccLocalPath5 = Hayman.Server
		SccProjectUniqueName6 = Hayman.CommandExecutors\\Hayman.CommandExecutors.csproj
		SccProjectTopLevelParentUniqueName6 = Hayman.sln
		SccProjectName6 = Hayman.CommandExecutors
		SccLocalPath6 = Hayman.CommandExecutors
		SccProjectUniqueName7 = Hayman.CommandService\\Hayman.CommandService.csproj
		SccProjectTopLevelParentUniqueName7 = Hayman.sln
		SccProjectName7 = Hayman.CommandService
		SccLocalPath7 = Hayman.CommandService
		SccProjectUniqueName8 = Client\\Modules\\Hayman.Client.TestModule\\Hayman.Client.DebugModule.csproj
		SccProjectTopLevelParentUniqueName8 = Hayman.sln
		SccProjectName8 = Client/Modules/Hayman.Client.TestModule
		SccLocalPath8 = Client\\Modules\\Hayman.Client.TestModule
		SccProjectUniqueName9 = Services\\DomainModelService\\DomainModelService.csproj
		SccProjectTopLevelParentUniqueName9 = Hayman.sln
		SccProjectName9 = Services/DomainModelService
		SccLocalPath9 = Services\\DomainModelService
		SccProjectUniqueName10 = Tests\\Backend\\DomainTests\\DomainTests.csproj
		SccProjectTopLevelParentUniqueName10 = Hayman.sln
		SccProjectName10 = Tests/Backend/DomainTests
		SccLocalPath10 = Tests\\Backend\\DomainTests
		SccProjectUniqueName11 = Hayman.Client.Infrastructure.Presentation\\Hayman.Client.Presentation.Windows.csproj
		SccProjectTopLevelParentUniqueName11 = Hayman.sln
		SccProjectName11 = Hayman.Client.Infrastructure.Presentation
		SccLocalPath11 = Hayman.Client.Infrastructure.Presentation
		SccProjectUniqueName12 = Hayman.Client.Presentation.Widgets\\Hayman.Client.Presentation.Widgets.csproj
		SccProjectTopLevelParentUniqueName12 = Hayman.sln
		SccProjectName12 = Hayman.Client.Presentation.Widgets
		SccLocalPath12 = Hayman.Client.Presentation.Widgets
		SccProjectUniqueName13 = Hayman.Client.Infrastructure\\Hayman.Client.Infrastructure.csproj
		SccProjectTopLevelParentUniqueName13 = Hayman.sln
		SccProjectName13 = Hayman.Client.Infrastructure
		SccLocalPath13 = Hayman.Client.Infrastructure
		SccProjectUniqueName14 = Client\\Modules\\Hayman.Client.MetaModelModule\\Hayman.Client.MetaModelModule.csproj
		SccProjectTopLevelParentUniqueName14 = Hayman.sln
		SccProjectName14 = Client/Modules/Hayman.Client.MetaModelModule
		SccLocalPath14 = Client\\Modules\\Hayman.Client.MetaModelModule
		SccProjectUniqueName15 = Architecture\\Hayman.Architecture\\Hayman.Architecture.modelproj
		SccProjectTopLevelParentUniqueName15 = Hayman.sln
		SccProjectName15 = Architecture/Hayman.Architecture
		SccLocalPath15 = Architecture\\Hayman.Architecture
	EndGlobalSection
	GlobalSection(TestCaseManagementSettings) = postSolution
		CategoryFile = Hayman.vsmdi
	EndGlobalSection
	GlobalSection(SolutionConfigurationPlatforms) = preSolution
		Debug|Any CPU = Debug|Any CPU
		Debug|Mixed Platforms = Debug|Mixed Platforms
		Debug|x86 = Debug|x86
		Release|Any CPU = Release|Any CPU
		Release|Mixed Platforms = Release|Mixed Platforms
		Release|x86 = Release|x86
	EndGlobalSection
	GlobalSection(ProjectConfigurationPlatforms) = postSolution
		{06998165-D331-4E21-8D38-CBE5A61BFEE7}.Debug|Any CPU.ActiveCfg = Debug|Any CPU
		{06998165-D331-4E21-8D38-CBE5A61BFEE7}.Debug|Any CPU.Build.0 = Debug|Any CPU
		{06998165-D331-4E21-8D38-CBE5A61BFEE7}.Debug|Mixed Platforms.ActiveCfg = Debug|Any CPU
		{06998165-D331-4E21-8D38-CBE5A61BFEE7}.Debug|Mixed Platforms.Build.0 = Debug|Any CPU
		{06998165-D331-4E21-8D38-CBE5A61BFEE7}.Debug|x86.ActiveCfg = Debug|Any CPU
		{06998165-D331-4E21-8D38-CBE5A61BFEE7}.Release|Any CPU.ActiveCfg = Release|Any CPU
		{06998165-D331-4E21-8D38-CBE5A61BFEE7}.Release|Any CPU.Build.0 = Release|Any CPU
		{06998165-D331-4E21-8D38-CBE5A61BFEE7}.Release|Mixed Platforms.ActiveCfg = Release|Any CPU
		{06998165-D331-4E21-8D38-CBE5A61BFEE7}.Release|Mixed Platforms.Build.0 = Release|Any CPU
		{06998165-D331-4E21-8D38-CBE5A61BFEE7}.Release|x86.ActiveCfg = Release|Any CPU
		{ADB9913F-1453-4BB5-9870-76038CB1FFC4}.Debug|Any CPU.ActiveCfg = Debug|Any CPU
		{ADB9913F-1453-4BB5-9870-76038CB1FFC4}.Debug|Any CPU.Build.0 = Debug|Any CPU
		{ADB9913F-1453-4BB5-9870-76038CB1FFC4}.Debug|Mixed Platforms.ActiveCfg = Debug|Any CPU
		{ADB9913F-1453-4BB5-9870-76038CB1FFC4}.Debug|Mixed Platforms.Build.0 = Debug|Any CPU
		{ADB9913F-1453-4BB5-9870-76038CB1FFC4}.Debug|x86.ActiveCfg = Debug|Any CPU
		{ADB9913F-1453-4BB5-9870-76038CB1FFC4}.Release|Any CPU.ActiveCfg = Release|Any CPU
		{ADB9913F-1453-4BB5-9870-76038CB1FFC4}.Release|Any CPU.Build.0 = Release|Any CPU
		{ADB9913F-1453-4BB5-9870-76038CB1FFC4}.Release|Mixed Platforms.ActiveCfg = Release|Any CPU
		{ADB9913F-1453-4BB5-9870-76038CB1FFC4}.Release|Mixed Platforms.Build.0 = Release|Any CPU
		{ADB9913F-1453-4BB5-9870-76038CB1FFC4}.Release|x86.ActiveCfg = Release|Any CPU
		{73C401E2-790D-4EC7-B2D6-9F33378E9CD8}.Debug|Any CPU.ActiveCfg = Debug|Any CPU
		{73C401E2-790D-4EC7-B2D6-9F33378E9CD8}.Debug|Any CPU.Build.0 = Debug|Any CPU
		{73C401E2-790D-4EC7-B2D6-9F33378E9CD8}.Debug|Mixed Platforms.ActiveCfg = Debug|Any CPU
		{73C401E2-790D-4EC7-B2D6-9F33378E9CD8}.Debug|Mixed Platforms.Build.0 = Debug|Any CPU
		{73C401E2-790D-4EC7-B2D6-9F33378E9CD8}.Debug|x86.ActiveCfg = Debug|Any CPU
		{73C401E2-790D-4EC7-B2D6-9F33378E9CD8}.Release|Any CPU.ActiveCfg = Release|Any CPU
		{73C401E2-790D-4EC7-B2D6-9F33378E9CD8}.Release|Any CPU.Build.0 = Release|Any CPU
		{73C401E2-790D-4EC7-B2D6-9F33378E9CD8}.Release|Mixed Platforms.ActiveCfg = Release|Any CPU
		{73C401E2-790D-4EC7-B2D6-9F33378E9CD8}.Release|Mixed Platforms.Build.0 = Release|Any CPU
		{73C401E2-790D-4EC7-B2D6-9F33378E9CD8}.Release|x86.ActiveCfg = Release|Any CPU
		{4DCB1ED9-657F-4AD3-AF64-9523EA53FE65}.Debug|Any CPU.ActiveCfg = Debug|Any CPU
		{4DCB1ED9-657F-4AD3-AF64-9523EA53FE65}.Debug|Any CPU.Build.0 = Debug|Any CPU
		{4DCB1ED9-657F-4AD3-AF64-9523EA53FE65}.Debug|Mixed Platforms.ActiveCfg = Debug|Any CPU
		{4DCB1ED9-657F-4AD3-AF64-9523EA53FE65}.Debug|Mixed Platforms.Build.0 = Debug|Any CPU
		{4DCB1ED9-657F-4AD3-AF64-9523EA53FE65}.Debug|x86.ActiveCfg = Debug|Any CPU
		{4DCB1ED9-657F-4AD3-AF64-9523EA53FE65}.Release|Any CPU.ActiveCfg = Release|Any CPU
		{4DCB1ED9-657F-4AD3-AF64-9523EA53FE65}.Release|Any CPU.Build.0 = Release|Any CPU
		{4DCB1ED9-657F-4AD3-AF64-9523EA53FE65}.Release|Mixed Platforms.ActiveCfg = Release|Any CPU
		{4DCB1ED9-657F-4AD3-AF64-9523EA53FE65}.Release|Mixed Platforms.Build.0 = Release|Any CPU
		{4DCB1ED9-657F-4AD3-AF64-9523EA53FE65}.Release|x86.ActiveCfg = Release|Any CPU
		{9AFF1100-D434-4621-BF45-02F671ABAFEE}.Debug|Any CPU.ActiveCfg = Debug|Any CPU
		{9AFF1100-D434-4621-BF45-02F671ABAFEE}.Debug|Any CPU.Build.0 = Debug|Any CPU
		{9AFF1100-D434-4621-BF45-02F671ABAFEE}.Debug|Mixed Platforms.ActiveCfg = Debug|Any CPU
		{9AFF1100-D434-4621-BF45-02F671ABAFEE}.Debug|Mixed Platforms.Build.0 = Debug|Any CPU
		{9AFF1100-D434-4621-BF45-02F671ABAFEE}.Debug|x86.ActiveCfg = Debug|Any CPU
		{9AFF1100-D434-4621-BF45-02F671ABAFEE}.Release|Any CPU.ActiveCfg = Release|Any CPU
		{9AFF1100-D434-4621-BF45-02F671ABAFEE}.Release|Any CPU.Build.0 = Release|Any CPU
		{9AFF1100-D434-4621-BF45-02F671ABAFEE}.Release|Mixed Platforms.ActiveCfg = Release|Any CPU
		{9AFF1100-D434-4621-BF45-02F671ABAFEE}.Release|Mixed Platforms.Build.0 = Release|Any CPU
		{9AFF1100-D434-4621-BF45-02F671ABAFEE}.Release|x86.ActiveCfg = Release|Any CPU
		{67DC3B50-06E2-4B36-9F1B-85F2CD5BFB6C}.Debug|Any CPU.ActiveCfg = Debug|Any CPU
		{67DC3B50-06E2-4B36-9F1B-85F2CD5BFB6C}.Debug|Any CPU.Build.0 = Debug|Any CPU
		{67DC3B50-06E2-4B36-9F1B-85F2CD5BFB6C}.Debug|Mixed Platforms.ActiveCfg = Debug|Any CPU
		{67DC3B50-06E2-4B36-9F1B-85F2CD5BFB6C}.Debug|Mixed Platforms.Build.0 = Debug|Any CPU
		{67DC3B50-06E2-4B36-9F1B-85F2CD5BFB6C}.Debug|x86.ActiveCfg = Debug|Any CPU
		{67DC3B50-06E2-4B36-9F1B-85F2CD5BFB6C}.Release|Any CPU.ActiveCfg = Release|Any CPU
		{67DC3B50-06E2-4B36-9F1B-85F2CD5BFB6C}.Release|Any CPU.Build.0 = Release|Any CPU
		{67DC3B50-06E2-4B36-9F1B-85F2CD5BFB6C}.Release|Mixed Platforms.ActiveCfg = Release|Any CPU
		{67DC3B50-06E2-4B36-9F1B-85F2CD5BFB6C}.Release|Mixed Platforms.Build.0 = Release|Any CPU
		{67DC3B50-06E2-4B36-9F1B-85F2CD5BFB6C}.Release|x86.ActiveCfg = Release|Any CPU
		{90962F38-E7AB-4E23-9C24-7998E05578A6}.Debug|Any CPU.ActiveCfg = Debug|Any CPU
		{90962F38-E7AB-4E23-9C24-7998E05578A6}.Debug|Any CPU.Build.0 = Debug|Any CPU
		{90962F38-E7AB-4E23-9C24-7998E05578A6}.Debug|Mixed Platforms.ActiveCfg = Debug|Any CPU
		{90962F38-E7AB-4E23-9C24-7998E05578A6}.Debug|Mixed Platforms.Build.0 = Debug|Any CPU
		{90962F38-E7AB-4E23-9C24-7998E05578A6}.Debug|x86.ActiveCfg = Debug|Any CPU
		{90962F38-E7AB-4E23-9C24-7998E05578A6}.Release|Any CPU.ActiveCfg = Release|Any CPU
		{90962F38-E7AB-4E23-9C24-7998E05578A6}.Release|Any CPU.Build.0 = Release|Any CPU
		{90962F38-E7AB-4E23-9C24-7998E05578A6}.Release|Mixed Platforms.ActiveCfg = Release|Any CPU
		{90962F38-E7AB-4E23-9C24-7998E05578A6}.Release|Mixed Platforms.Build.0 = Release|Any CPU
		{90962F38-E7AB-4E23-9C24-7998E05578A6}.Release|x86.ActiveCfg = Release|Any CPU
		{C33661D0-B3E1-4624-9268-9A2D796C8280}.Debug|Any CPU.ActiveCfg = Debug|x86
		{C33661D0-B3E1-4624-9268-9A2D796C8280}.Debug|Mixed Platforms.ActiveCfg = Debug|x86
		{C33661D0-B3E1-4624-9268-9A2D796C8280}.Debug|Mixed Platforms.Build.0 = Debug|x86
		{C33661D0-B3E1-4624-9268-9A2D796C8280}.Debug|x86.ActiveCfg = Debug|x86
		{C33661D0-B3E1-4624-9268-9A2D796C8280}.Debug|x86.Build.0 = Debug|x86
		{C33661D0-B3E1-4624-9268-9A2D796C8280}.Release|Any CPU.ActiveCfg = Release|x86
		{C33661D0-B3E1-4624-9268-9A2D796C8280}.Release|Mixed Platforms.ActiveCfg = Release|x86
		{C33661D0-B3E1-4624-9268-9A2D796C8280}.Release|Mixed Platforms.Build.0 = Release|x86
		{C33661D0-B3E1-4624-9268-9A2D796C8280}.Release|x86.ActiveCfg = Release|x86
		{C33661D0-B3E1-4624-9268-9A2D796C8280}.Release|x86.Build.0 = Release|x86
	EndGlobalSection
	GlobalSection(SolutionProperties) = preSolution
		HideSolutionNode = FALSE
	EndGlobalSection
	GlobalSection(NestedProjects) = preSolution
		{06998165-D331-4E21-8D38-CBE5A61BFEE7} = {72C99BE3-1EE2-4A28-9266-B4B52788E0CF}
		{ADB9913F-1453-4BB5-9870-76038CB1FFC4} = {72C99BE3-1EE2-4A28-9266-B4B52788E0CF}
		{73C401E2-790D-4EC7-B2D6-9F33378E9CD8} = {72C99BE3-1EE2-4A28-9266-B4B52788E0CF}
		{4DCB1ED9-657F-4AD3-AF64-9523EA53FE65} = {72C99BE3-1EE2-4A28-9266-B4B52788E0CF}
		{9AFF1100-D434-4621-BF45-02F671ABAFEE} = {72C99BE3-1EE2-4A28-9266-B4B52788E0CF}
		{C060B513-FECE-4E22-9D92-A820B46F6542} = {28992EEC-48E4-48A7-9043-4230125C714B}
		{67DC3B50-06E2-4B36-9F1B-85F2CD5BFB6C} = {E55FB5CD-3150-4690-8245-A92701895963}
		{C33661D0-B3E1-4624-9268-9A2D796C8280} = {E55FB5CD-3150-4690-8245-A92701895963}
		{90962F38-E7AB-4E23-9C24-7998E05578A6} = {C060B513-FECE-4E22-9D92-A820B46F6542}
	EndGlobalSection
EndGlobal
